
Microsoft Visual Studio Solution File, Format Version 12.00
# Visual Studio Version 16
VisualStudioVersion = 16.0.30002.166
MinimumVisualStudioVersion = 10.0.40219.1
Project("{F184B08F-C81C-45F6-A57F-5ABD9991F28F}") = "umbraco", "umbraco\umbraco.vbproj", "{4FA79F03-FC08-44A6-AF46-BE83CC2FF109}"
EndProject
Global
	GlobalSection(SolutionConfigurationPlatforms) = preSolution
		Debug|Any CPU = Debug|Any CPU
		Release|Any CPU = Release|Any CPU
	EndGlobalSection
	GlobalSection(ProjectConfigurationPlatforms) = postSolution
		{4FA79F03-FC08-44A6-AF46-BE83CC2FF109}.Debug|Any CPU.ActiveCfg = Debug|Any CPU
		{4FA79F03-FC08-44A6-AF46-BE83CC2FF109}.Debug|Any CPU.Build.0 = Debug|Any CPU
		{4FA79F03-FC08-44A6-AF46-BE83CC2FF109}.Release|Any CPU.ActiveCfg = Release|Any CPU
		{4FA79F03-FC08-44A6-AF46-BE83CC2FF109}.Release|Any CPU.Build.0 = Release|Any CPU
	EndGlobalSection
	GlobalSection(SolutionProperties) = preSolution
		HideSolutionNode = FALSE
	EndGlobalSection
	GlobalSection(ExtensibilityGlobals) = postSolution
		SolutionGuid = {7721E02E-28A5-4E9F-B429-AA422AED26C5}
	EndGlobalSection
EndGlobal
